
Microsoft Visual Studio Solution File, Format Version 12.00
# Visual Studio Version 16
VisualStudioVersion = 16.0.29920.165
MinimumVisualStudioVersion = 10.0.40219.1
Project("{9A19103F-16F7-4668-BE54-9A1E7A4F7556}") = "Clinic.WebApplication", "Clinic.WebApplication\Clinic.WebApplication.csproj", "{36812777-2682-4402-A9C8-A13DB5835035}"
EndProject
Project("{9A19103F-16F7-4668-BE54-9A1E7A4F7556}") = "Clinic.Models", "Clinic.Models\Clinic.Models.csproj", "{05E21F4C-9C73-4828-99C9-7884777E7DA2}"
EndProject
Project("{9A19103F-16F7-4668-BE54-9A1E7A4F7556}") = "Clinic.DataContext", "Clinic.DataContext\Clinic.DataContext.csproj", "{8307744C-9B08-4AA8-A946-732059BC4325}"
EndProject
Project("{FAE04EC0-301F-11D3-BF4B-00C04F79EFBC}") = "Clinic.ViewModels", "Clinic.VIewModels\Clinic.ViewModels.csproj", "{A0CF509C-58F2-4A81-AB4F-82B660F52760}"
EndProject
Global
	GlobalSection(SolutionConfigurationPlatforms) = preSolution
		Debug|Any CPU = Debug|Any CPU
		Release|Any CPU = Release|Any CPU
	EndGlobalSection
	GlobalSection(ProjectConfigurationPlatforms) = postSolution
		{36812777-2682-4402-A9C8-A13DB5835035}.Debug|Any CPU.ActiveCfg = Debug|Any CPU
		{36812777-2682-4402-A9C8-A13DB5835035}.Debug|Any CPU.Build.0 = Debug|Any CPU
		{36812777-2682-4402-A9C8-A13DB5835035}.Release|Any CPU.ActiveCfg = Release|Any CPU
		{36812777-2682-4402-A9C8-A13DB5835035}.Release|Any CPU.Build.0 = Release|Any CPU
		{05E21F4C-9C73-4828-99C9-7884777E7DA2}.Debug|Any CPU.ActiveCfg = Debug|Any CPU
		{05E21F4C-9C73-4828-99C9-7884777E7DA2}.Debug|Any CPU.Build.0 = Debug|Any CPU
		{05E21F4C-9C73-4828-99C9-7884777E7DA2}.Release|Any CPU.ActiveCfg = Release|Any CPU
		{05E21F4C-9C73-4828-99C9-7884777E7DA2}.Release|Any CPU.Build.0 = Release|Any CPU
		{8307744C-9B08-4AA8-A946-732059BC4325}.Debug|Any CPU.ActiveCfg = Debug|Any CPU
		{8307744C-9B08-4AA8-A946-732059BC4325}.Debug|Any CPU.Build.0 = Debug|Any CPU
		{8307744C-9B08-4AA8-A946-732059BC4325}.Release|Any CPU.ActiveCfg = Release|Any CPU
		{8307744C-9B08-4AA8-A946-732059BC4325}.Release|Any CPU.Build.0 = Release|Any CPU
		{A0CF509C-58F2-4A81-AB4F-82B660F52760}.Debug|Any CPU.ActiveCfg = Debug|Any CPU
		{A0CF509C-58F2-4A81-AB4F-82B660F52760}.Debug|Any CPU.Build.0 = Debug|Any CPU
		{A0CF509C-58F2-4A81-AB4F-82B660F52760}.Release|Any CPU.ActiveCfg = Release|Any CPU
		{A0CF509C-58F2-4A81-AB4F-82B660F52760}.Release|Any CPU.Build.0 = Release|Any CPU
	EndGlobalSection
	GlobalSection(SolutionProperties) = preSolution
		HideSolutionNode = FALSE
	EndGlobalSection
	GlobalSection(ExtensibilityGlobals) = postSolution
		SolutionGuid = {37F31DDE-4B83-4EE6-9C3E-687B8B4D696A}
	EndGlobalSection
EndGlobal
